
Microsoft Visual Studio Solution File, Format Version 12.00
# Visual Studio Version 17
VisualStudioVersion = 17.5.2.0
MinimumVisualStudioVersion = 10.0.40219.1
Project("{FAE04EC0-301F-11D3-BF4B-00C04F79EFBC}") = "FanWebsiteAPI", "FanWebsiteAPI\FanWebsiteAPI.csproj", "{3EE1BB83-D281-1FCA-2D93-36C8AB55E305}"
EndProject
Global
	GlobalSection(SolutionConfigurationPlatforms) = preSolution
		Debug|Any CPU = Debug|Any CPU
		Release|Any CPU = Release|Any CPU
	EndGlobalSection
	GlobalSection(ProjectConfigurationPlatforms) = postSolution
		{3EE1BB83-D281-1FCA-2D93-36C8AB55E305}.Debug|Any CPU.ActiveCfg = Debug|Any CPU
		{3EE1BB83-D281-1FCA-2D93-36C8AB55E305}.Debug|Any CPU.Build.0 = Debug|Any CPU
		{3EE1BB83-D281-1FCA-2D93-36C8AB55E305}.Release|Any CPU.ActiveCfg = Release|Any CPU
		{3EE1BB83-D281-1FCA-2D93-36C8AB55E305}.Release|Any CPU.Build.0 = Release|Any CPU
	EndGlobalSection
	GlobalSection(SolutionProperties) = preSolution
		HideSolutionNode = FALSE
	EndGlobalSection
	GlobalSection(ExtensibilityGlobals) = postSolution
		SolutionGuid = {67C4338E-5527-4FB9-8EFC-CD8BD336F629}
	EndGlobalSection
EndGlobal
